
Microsoft Visual Studio Solution File, Format Version 12.00
# Visual Studio Version 17
VisualStudioVersion = 17.2.32630.192
MinimumVisualStudioVersion = 10.0.40219.1
Project("{8BC9CEB8-8B4A-11D0-8D11-00A0C91BC942}") = "5RC_Stint_Time_Util", "5RC_Stint_Time_Util\5RC_Stint_Time_Util.vcxproj", "{45A35E66-DF47-42FF-A34B-AE13B83BC158}"
EndProject
Global
	GlobalSection(SolutionConfigurationPlatforms) = preSolution
		Debug|x64 = Debug|x64
		Debug|x86 = Debug|x86
		Release|x64 = Release|x64
		Release|x86 = Release|x86
	EndGlobalSection
	GlobalSection(ProjectConfigurationPlatforms) = postSolution
		{45A35E66-DF47-42FF-A34B-AE13B83BC158}.Debug|x64.ActiveCfg = Debug|x64
		{45A35E66-DF47-42FF-A34B-AE13B83BC158}.Debug|x64.Build.0 = Debug|x64
		{45A35E66-DF47-42FF-A34B-AE13B83BC158}.Debug|x86.ActiveCfg = Debug|Win32
		{45A35E66-DF47-42FF-A34B-AE13B83BC158}.Debug|x86.Build.0 = Debug|Win32
		{45A35E66-DF47-42FF-A34B-AE13B83BC158}.Release|x64.ActiveCfg = Release|x64
		{45A35E66-DF47-42FF-A34B-AE13B83BC158}.Release|x64.Build.0 = Release|x64
		{45A35E66-DF47-42FF-A34B-AE13B83BC158}.Release|x86.ActiveCfg = Release|Win32
		{45A35E66-DF47-42FF-A34B-AE13B83BC158}.Release|x86.Build.0 = Release|Win32
	EndGlobalSection
	GlobalSection(SolutionProperties) = preSolution
		HideSolutionNode = FALSE
	EndGlobalSection
	GlobalSection(ExtensibilityGlobals) = postSolution
		SolutionGuid = {9B83055A-A9C7-4BE3-9B58-F7353B9F3936}
	EndGlobalSection
EndGlobal
